dependencies:
- name: postgresql
  repository: oci://registry-1.docker.io/bitnamicharts
  version: 15.5.7
- name: redis
  repository: oci://registry-1.docker.io/bitnamicharts
  version: 19.5.5
- name: tika
  repository: https://apache.jfrog.io/artifactory/tika
  version: 2.9.0
- name: gotenberg
  repository: oci://ghcr.io/fmjstudios/helm
  version: 0.0.1
digest: sha256:f4b5c263a4bfbbb13ab14c6aca4b7d303c2db6cdbe97131f5f80fa55437a470f
generated: "2024-06-18T23:57:22.481736476+02:00"
