dependencies:
- name: postgresql
  repository: oci://registry-1.docker.io/bitnamicharts
  version: 15.5.9
- name: redis
  repository: oci://registry-1.docker.io/bitnamicharts
  version: 19.5.5
- name: tika
  repository: https://apache.jfrog.io/artifactory/tika
  version: 2.9.0
- name: gotenberg
  repository: oci://ghcr.io/fmjstudios/helm
  version: 0.0.1
digest: sha256:a287915c1c241ba886faab304949c0cbd47b2a3315d7abed6ba95d5e423af1b9
generated: "2024-06-24T00:12:32.720375381+02:00"
